
Microsoft Visual Studio Solution File, Format Version 12.00
# Visual Studio Version 17
VisualStudioVersion = 17.11.35303.130
MinimumVisualStudioVersion = 10.0.40219.1
Project("{FAE04EC0-301F-11D3-BF4B-00C04F79EFBC}") = "kitchen-riley-a2-drawing", "kitchen-riley-a2-drawing.csproj", "{2A7FBA65-373C-4895-8F5C-94575BEB75D4}"
EndProject
Global
	GlobalSection(SolutionConfigurationPlatforms) = preSolution
		Debug|Any CPU = Debug|Any CPU
		Release|Any CPU = Release|Any CPU
	EndGlobalSection
	GlobalSection(ProjectConfigurationPlatforms) = postSolution
		{2A7FBA65-373C-4895-8F5C-94575BEB75D4}.Debug|Any CPU.ActiveCfg = Debug|Any CPU
		{2A7FBA65-373C-4895-8F5C-94575BEB75D4}.Debug|Any CPU.Build.0 = Debug|Any CPU
		{2A7FBA65-373C-4895-8F5C-94575BEB75D4}.Release|Any CPU.ActiveCfg = Release|Any CPU
		{2A7FBA65-373C-4895-8F5C-94575BEB75D4}.Release|Any CPU.Build.0 = Release|Any CPU
	EndGlobalSection
	GlobalSection(SolutionProperties) = preSolution
		HideSolutionNode = FALSE
	EndGlobalSection
	GlobalSection(ExtensibilityGlobals) = postSolution
		SolutionGuid = {CD8D46B4-F22D-4C92-971A-9F650B0F897D}
	EndGlobalSection
EndGlobal
